
Microsoft Visual Studio Solution File, Format Version 12.00
# Visual Studio 14
VisualStudioVersion = 14.0.23107.0
MinimumVisualStudioVersion = 10.0.40219.1
Project("{FAE04EC0-301F-11D3-BF4B-00C04F79EFBC}") = "challenge1", "challenge1\challenge1.csproj", "{C337C23A-0DC8-4DFE-9AB3-1876C05470C9}"
EndProject
Project("{2150E333-8FDC-42A3-9474-1A3956D46DE8}") = "PublishScripts", "PublishScripts", "{F390C099-ECF9-4F2B-8FF9-10B462F1CFA6}"
	ProjectSection(SolutionItems) = preProject
		PublishScripts\AzureVMPublishModule.psm1 = PublishScripts\AzureVMPublishModule.psm1
		PublishScripts\Publish-WebApplicationVM.ps1 = PublishScripts\Publish-WebApplicationVM.ps1
	EndProjectSection
EndProject
Project("{2150E333-8FDC-42A3-9474-1A3956D46DE8}") = "Configurations", "Configurations", "{0E0E6E53-9CA4-4068-BD50-66BB3298A6BC}"
	ProjectSection(SolutionItems) = preProject
		PublishScripts\Configurations\challenge1-WAWS-dev.json = PublishScripts\Configurations\challenge1-WAWS-dev.json
	EndProjectSection
EndProject
Global
	GlobalSection(SolutionConfigurationPlatforms) = preSolution
		Debug|Any CPU = Debug|Any CPU
		Release|Any CPU = Release|Any CPU
	EndGlobalSection
	GlobalSection(ProjectConfigurationPlatforms) = postSolution
		{C337C23A-0DC8-4DFE-9AB3-1876C05470C9}.Debug|Any CPU.ActiveCfg = Debug|Any CPU
		{C337C23A-0DC8-4DFE-9AB3-1876C05470C9}.Debug|Any CPU.Build.0 = Debug|Any CPU
		{C337C23A-0DC8-4DFE-9AB3-1876C05470C9}.Release|Any CPU.ActiveCfg = Release|Any CPU
		{C337C23A-0DC8-4DFE-9AB3-1876C05470C9}.Release|Any CPU.Build.0 = Release|Any CPU
	EndGlobalSection
	GlobalSection(SolutionProperties) = preSolution
		HideSolutionNode = FALSE
	EndGlobalSection
	GlobalSection(NestedProjects) = preSolution
		{0E0E6E53-9CA4-4068-BD50-66BB3298A6BC} = {F390C099-ECF9-4F2B-8FF9-10B462F1CFA6}
	EndGlobalSection
EndGlobal
